
Microsoft Visual Studio Solution File, Format Version 12.00
# Visual Studio 15
VisualStudioVersion = 15.0.28307.1525
MinimumVisualStudioVersion = 10.0.40219.1
Project("{FAE04EC0-301F-11D3-BF4B-00C04F79EFBC}") = "WpfApp18_1", "WpfApp18_1\WpfApp18_1.csproj", "{1A256A84-2E77-4F3E-A4B7-62108A618915}"
EndProject
Global
	GlobalSection(SolutionConfigurationPlatforms) = preSolution
		Debug|Any CPU = Debug|Any CPU
		Release|Any CPU = Release|Any CPU
	EndGlobalSection
	GlobalSection(ProjectConfigurationPlatforms) = postSolution
		{1A256A84-2E77-4F3E-A4B7-62108A618915}.Debug|Any CPU.ActiveCfg = Debug|Any CPU
		{1A256A84-2E77-4F3E-A4B7-62108A618915}.Debug|Any CPU.Build.0 = Debug|Any CPU
		{1A256A84-2E77-4F3E-A4B7-62108A618915}.Release|Any CPU.ActiveCfg = Release|Any CPU
		{1A256A84-2E77-4F3E-A4B7-62108A618915}.Release|Any CPU.Build.0 = Release|Any CPU
	EndGlobalSection
	GlobalSection(SolutionProperties) = preSolution
		HideSolutionNode = FALSE
	EndGlobalSection
	GlobalSection(ExtensibilityGlobals) = postSolution
		SolutionGuid = {5C05D9C0-5651-4C68-B8BB-AD528FB294BD}
	EndGlobalSection
EndGlobal
